{
  "name": "coordinate-test",
  "version": "1.0.0",
  "lockfileVersion": 3,
  "requires": true,
  "packages": {
    "": {
      "name": "coordinate-test",
      "version": "1.0.0",
      "license": "ISC",
      "dependencies": {
        "mariadb": "^3.4.5"
      }
    },
    "node_modules/@types/geojson": {
      "version": "7946.0.16",
      "resolved": "https://registry.npmjs.org/@types/geojson/-/geojson-7946.0.16.tgz",
      "integrity": "sha512-6C8nqWur3j98U6+lXDfTUWIfgvZU+EumvpHKcYjujKH7woYyLj2sUmff0tRhrqM7BohUw7Pz3ZB1jj2gW9Fvmg==",
      "license": "MIT"
    },
    "node_modules/@types/node": {
      "version": "24.10.3",
      "resolved": "https://registry.npmjs.org/@types/node/-/node-24.10.3.tgz",
      "integrity": "sha512-gqkrWUsS8hcm0r44yn7/xZeV1ERva/nLgrLxFRUGb7aoNMIJfZJ3AC261zDQuOAKC7MiXai1WCpYc48jAHoShQ==",
      "license": "MIT",
      "dependencies": {
        "undici-types": "~7.16.0"
      }
    },
    "node_modules/denque": {
      "version": "2.1.0",
      "resolved": "https://registry.npmjs.org/denque/-/denque-2.1.0.tgz",
      "integrity": "sha512-HVQE3AAb/pxF8fQAoiqpvg9i3evqug3hoiwakOyZAwJm+6vZehbkYXZ0l4JxS+I3QxM97v5aaRNhj8v5oBhekw==",
      "license": "Apache-2.0",
      "engines": {
        "node": ">=0.10"
      }
    },
    "node_modules/iconv-lite": {
      "version": "0.6.3",
      "resolved": "https://registry.npmjs.org/iconv-lite/-/iconv-lite-0.6.3.tgz",
      "integrity": "sha512-4fCk79wshMdzMp2rH06qWrJE4iolqLhCUH+OiuIgU++RB0+94NlDL81atO7GX55uUKueo0txHNtvEyI6D7WdMw==",
      "license": "MIT",
      "dependencies": {
        "safer-buffer": ">= 2.1.2 < 3.0.0"
      },
      "engines": {
        "node": ">=0.10.0"
      }
    },
    "node_modules/lru-cache": {
      "version": "10.4.3",
      "resolved": "https://registry.npmjs.org/lru-cache/-/lru-cache-10.4.3.tgz",
      "integrity": "sha512-JNAzZcXrCt42VGLuYz0zfAzDfAvJWW6AfYlDBQyDV5DClI2m5sAmK+OIO7s59XfsRsWHp02jAJrRadPRGTt6SQ==",
      "license": "ISC"
    },
    "node_modules/mariadb": {
      "version": "3.4.5",
      "resolved": "https://registry.npmjs.org/mariadb/-/mariadb-3.4.5.tgz",
      "integrity": "sha512-gThTYkhIS5rRqkVr+Y0cIdzr+GRqJ9sA2Q34e0yzmyhMCwyApf3OKAC1jnF23aSlIOqJuyaUFUcj7O1qZslmmQ==",
      "license": "LGPL-2.1-or-later",
      "dependencies": {
        "@types/geojson": "^7946.0.16",
        "@types/node": "^24.0.13",
        "denque": "^2.1.0",
        "iconv-lite": "^0.6.3",
        "lru-cache": "^10.4.3"
      },
      "engines": {
        "node": ">= 14"
      }
    },
    "node_modules/safer-buffer": {
      "version": "2.1.2",
      "resolved": "https://registry.npmjs.org/safer-buffer/-/safer-buffer-2.1.2.tgz",
      "integrity": "sha512-YZo3K82SD7Riyi0E1EQPojLz7kpepnSQI9IyPbHHg1XXXevb5dJI7tpyN2ADxGcQbHG7vcyRHk0cbwqcQriUtg==",
      "license": "MIT"
    },
    "node_modules/undici-types": {
      "version": "7.16.0",
      "resolved": "https://registry.npmjs.org/undici-types/-/undici-types-7.16.0.tgz",
      "integrity": "sha512-Zz+aZWSj8LE6zoxD+xrjh4VfkIG8Ya6LvYkZqtUQGJPZjYl53ypCaUwWqo7eI0x66KBGeRo+mlBEkMSeSZ38Nw==",
      "license": "MIT"
    }
  }
}
